
Microsoft Visual Studio Solution File, Format Version 12.00
# Visual Studio Version 17
VisualStudioVersion = 17.12.35707.178
MinimumVisualStudioVersion = 10.0.40219.1
Project("{2150E333-8FDC-42A3-9474-1A3956D46DE8}") = "Lesson_02", "Lesson_02", "{332C5F28-F049-4B87-847C-06C9D8C4B6D3}"
EndProject
Project("{FAE04EC0-301F-11D3-BF4B-00C04F79EFBC}") = "Task_02_01", "Task_02_01\Task_02_01.csproj", "{CF311BF1-6AF4-4E1A-A905-BE6ED62A8109}"
EndProject
Project("{FAE04EC0-301F-11D3-BF4B-00C04F79EFBC}") = "Task_02_02", "Task_02_02\Task_02_02.csproj", "{51702E55-DFC8-40BA-B891-BD8CF623C8AB}"
EndProject
Project("{FAE04EC0-301F-11D3-BF4B-00C04F79EFBC}") = "Task_02_04", "Task_02_04\Task_02_04.csproj", "{F09BC049-41C4-40C0-BCAB-736F5B2806FA}"
EndProject
Project("{FAE04EC0-301F-11D3-BF4B-00C04F79EFBC}") = "Task_03_04", "Task_03_04\Task_03_04.csproj", "{3E5FA4F0-E735-4D2E-AD75-F21D9EA80547}"
EndProject
Project("{FAE04EC0-301F-11D3-BF4B-00C04F79EFBC}") = "Task_03_05", "Task_03_05\Task_03_05.csproj", "{42601002-3E0E-4668-9F9B-D33DA19DF706}"
EndProject
Project("{FAE04EC0-301F-11D3-BF4B-00C04F79EFBC}") = "Task_03_06", "Task_03_06\Task_03_06.csproj", "{1AA87370-32C1-4A03-BBE9-EC1512C0168F}"
EndProject
Project("{FAE04EC0-301F-11D3-BF4B-00C04F79EFBC}") = "Task_03_07", "Task_03_07\Task_03_07.csproj", "{FCC3F696-3B6F-4BF1-83B4-EA8CC11A363D}"
EndProject
Project("{FAE04EC0-301F-11D3-BF4B-00C04F79EFBC}") = "Task_03_08", "Task_03_08\Task_03_08.csproj", "{403F1A05-D1D2-40EE-BA8A-86A0D8BBB9CF}"
EndProject
Project("{2150E333-8FDC-42A3-9474-1A3956D46DE8}") = "Lesson_20", "Lesson_20", "{4D7D0A20-DC75-4E17-B4C1-33982FFC1B2B}"
EndProject
Project("{FAE04EC0-301F-11D3-BF4B-00C04F79EFBC}") = "Task_19_3", "Task_19_3\Task_19_3.csproj", "{1A2C9A14-1CD2-4224-8CCD-2DC0C26B4CD4}"
EndProject
Project("{FAE04EC0-301F-11D3-BF4B-00C04F79EFBC}") = "Task_20_4", "Task_20_4\Task_20_4.csproj", "{37781CBF-25D3-48A6-977C-F0305CBAD63C}"
EndProject
Project("{FAE04EC0-301F-11D3-BF4B-00C04F79EFBC}") = "Task_20_05", "а\Task_20_05.csproj", "{AF08D220-7910-463A-8C99-9EF50624421A}"
EndProject
Project("{FAE04EC0-301F-11D3-BF4B-00C04F79EFBC}") = "Task_20_6", "Task_20_6\Task_20_6.csproj", "{796B111D-F9FA-40AF-987C-84668A1611D7}"
EndProject
Project("{2150E333-8FDC-42A3-9474-1A3956D46DE8}") = "Lesson_21", "Lesson_21", "{88BE97D5-ADEA-455B-BB0B-DBE96C581240}"
EndProject
Project("{FAE04EC0-301F-11D3-BF4B-00C04F79EFBC}") = "Task_21_01", "Task_21_01\Task_21_01.csproj", "{4251D1FB-DB1A-4C6B-AFE5-18D7568FD7FA}"
EndProject
Project("{FAE04EC0-301F-11D3-BF4B-00C04F79EFBC}") = "Task_21_02", "Task_21_02\Task_21_02.csproj", "{5E171D83-5274-4234-B053-654CD1ED8D27}"
EndProject
Project("{FAE04EC0-301F-11D3-BF4B-00C04F79EFBC}") = "Task_21_03", "Task_21_03\Task_21_03.csproj", "{8ECB0EDA-03EC-404B-9A42-48D3E24456FC}"
EndProject
Project("{FAE04EC0-301F-11D3-BF4B-00C04F79EFBC}") = "Task_21_04", "Task_21_04\Task_21_04.csproj", "{9202E8C3-7EB4-4C06-B2E0-0728637EE4DB}"
EndProject
Project("{FAE04EC0-301F-11D3-BF4B-00C04F79EFBC}") = "Task_21_05", "Task_21_05\Task_21_05.csproj", "{E32F3C50-8056-45AB-90A5-56A9DDECD6AF}"
EndProject
Project("{FAE04EC0-301F-11D3-BF4B-00C04F79EFBC}") = "Task_21_06", "Task_21_06\Task_21_06.csproj", "{6CFF0070-3572-4F9E-9FAF-09F1F8AE32E5}"
EndProject
Project("{FAE04EC0-301F-11D3-BF4B-00C04F79EFBC}") = "Task_03_09", "Task_03_09\Task_03_09.csproj", "{E56137C3-3267-4561-8D94-37296BCCAE0B}"
EndProject
Project("{2150E333-8FDC-42A3-9474-1A3956D46DE8}") = "Lesson_04", "Lesson_04", "{36D591C7-65C7-A0D1-1CBC-10CDE441BDC8}"
EndProject
Project("{FAE04EC0-301F-11D3-BF4B-00C04F79EFBC}") = "Task_04_05", "Task_04_05\Task_04_05.csproj", "{18DA90DC-4383-446E-83D1-392D13D851F6}"
EndProject
Project("{FAE04EC0-301F-11D3-BF4B-00C04F79EFBC}") = "Task_04_06", "Task_04_06\Task_04_06.csproj", "{7D6BD6F1-E48F-49E3-B7DF-8CF8DAC0C78E}"
EndProject
Project("{FAE04EC0-301F-11D3-BF4B-00C04F79EFBC}") = "Task_04_07", "Task_04_07\Task_04_07.csproj", "{C388C6A8-B996-4384-BD8F-6F0249095903}"
EndProject
Project("{FAE04EC0-301F-11D3-BF4B-00C04F79EFBC}") = "Task_04_08", "Task_04_08\Task_04_08.csproj", "{22EB637E-28D2-46E5-8498-A09C7AB8C893}"
EndProject
Project("{FAE04EC0-301F-11D3-BF4B-00C04F79EFBC}") = "Task_04_09", "Task_04_09\Task_04_09.csproj", "{92D73180-F3BB-47DD-9C54-6BF8BC281FFB}"
EndProject
Project("{FAE04EC0-301F-11D3-BF4B-00C04F79EFBC}") = "Task_04_10", "Task_04_10\Task_04_10.csproj", "{9F218920-D915-4B74-B71E-C5F166F22CFB}"
EndProject
Project("{2150E333-8FDC-42A3-9474-1A3956D46DE8}") = "Lesson_05", "Lesson_05", "{2F2E5EBE-BC1C-47AF-8EB5-E7DE431DCFBF}"
EndProject
Project("{FAE04EC0-301F-11D3-BF4B-00C04F79EFBC}") = "Task_05_03", "Task_05_03\Task_05_03.csproj", "{E6DED43B-655A-4DC9-8BF3-098BE3DDF4FB}"
EndProject
Project("{FAE04EC0-301F-11D3-BF4B-00C04F79EFBC}") = "Task_05_04", "Task_05_04\Task_05_04.csproj", "{1C98941B-4D19-452B-8131-C10B079FCF4E}"
EndProject
Project("{FAE04EC0-301F-11D3-BF4B-00C04F79EFBC}") = "Task_05_05", "Task_05_05\Task_05_05.csproj", "{B07F9B8D-9DFD-4AEB-BB0B-ADC3FF9C1990}"
EndProject
Project("{FAE04EC0-301F-11D3-BF4B-00C04F79EFBC}") = "Task_05_06", "Task_05_06\Task_05_06.csproj", "{67A321C8-5350-42B5-A537-83380932DB7A}"
EndProject
Project("{FAE04EC0-301F-11D3-BF4B-00C04F79EFBC}") = "Task_05_07", "Task_05_07\Task_05_07.csproj", "{20947EC8-1AF3-4912-A3C9-84D7BACEF248}"
EndProject
Project("{FAE04EC0-301F-11D3-BF4B-00C04F79EFBC}") = "Task_05_08", "Task_05_08\Task_05_08.csproj", "{5D1915F0-5453-4211-B29E-F2D31B86220A}"
EndProject
Global
	GlobalSection(SolutionConfigurationPlatforms) = preSolution
		Debug|Any CPU = Debug|Any CPU
		Release|Any CPU = Release|Any CPU
	EndGlobalSection
	GlobalSection(ProjectConfigurationPlatforms) = postSolution
		{CF311BF1-6AF4-4E1A-A905-BE6ED62A8109}.Debug|Any CPU.ActiveCfg = Debug|Any CPU
		{CF311BF1-6AF4-4E1A-A905-BE6ED62A8109}.Debug|Any CPU.Build.0 = Debug|Any CPU
		{CF311BF1-6AF4-4E1A-A905-BE6ED62A8109}.Release|Any CPU.ActiveCfg = Release|Any CPU
		{CF311BF1-6AF4-4E1A-A905-BE6ED62A8109}.Release|Any CPU.Build.0 = Release|Any CPU
		{51702E55-DFC8-40BA-B891-BD8CF623C8AB}.Debug|Any CPU.ActiveCfg = Debug|Any CPU
		{51702E55-DFC8-40BA-B891-BD8CF623C8AB}.Debug|Any CPU.Build.0 = Debug|Any CPU
		{51702E55-DFC8-40BA-B891-BD8CF623C8AB}.Release|Any CPU.ActiveCfg = Release|Any CPU
		{51702E55-DFC8-40BA-B891-BD8CF623C8AB}.Release|Any CPU.Build.0 = Release|Any CPU
		{F09BC049-41C4-40C0-BCAB-736F5B2806FA}.Debug|Any CPU.ActiveCfg = Debug|Any CPU
		{F09BC049-41C4-40C0-BCAB-736F5B2806FA}.Debug|Any CPU.Build.0 = Debug|Any CPU
		{F09BC049-41C4-40C0-BCAB-736F5B2806FA}.Release|Any CPU.ActiveCfg = Release|Any CPU
		{F09BC049-41C4-40C0-BCAB-736F5B2806FA}.Release|Any CPU.Build.0 = Release|Any CPU
		{3E5FA4F0-E735-4D2E-AD75-F21D9EA80547}.Debug|Any CPU.ActiveCfg = Debug|Any CPU
		{3E5FA4F0-E735-4D2E-AD75-F21D9EA80547}.Debug|Any CPU.Build.0 = Debug|Any CPU
		{3E5FA4F0-E735-4D2E-AD75-F21D9EA80547}.Release|Any CPU.ActiveCfg = Release|Any CPU
		{3E5FA4F0-E735-4D2E-AD75-F21D9EA80547}.Release|Any CPU.Build.0 = Release|Any CPU
		{42601002-3E0E-4668-9F9B-D33DA19DF706}.Debug|Any CPU.ActiveCfg = Debug|Any CPU
		{42601002-3E0E-4668-9F9B-D33DA19DF706}.Debug|Any CPU.Build.0 = Debug|Any CPU
		{42601002-3E0E-4668-9F9B-D33DA19DF706}.Release|Any CPU.ActiveCfg = Release|Any CPU
		{42601002-3E0E-4668-9F9B-D33DA19DF706}.Release|Any CPU.Build.0 = Release|Any CPU
		{1AA87370-32C1-4A03-BBE9-EC1512C0168F}.Debug|Any CPU.ActiveCfg = Debug|Any CPU
		{1AA87370-32C1-4A03-BBE9-EC1512C0168F}.Debug|Any CPU.Build.0 = Debug|Any CPU
		{1AA87370-32C1-4A03-BBE9-EC1512C0168F}.Release|Any CPU.ActiveCfg = Release|Any CPU
		{1AA87370-32C1-4A03-BBE9-EC1512C0168F}.Release|Any CPU.Build.0 = Release|Any CPU
		{FCC3F696-3B6F-4BF1-83B4-EA8CC11A363D}.Debug|Any CPU.ActiveCfg = Debug|Any CPU
		{FCC3F696-3B6F-4BF1-83B4-EA8CC11A363D}.Debug|Any CPU.Build.0 = Debug|Any CPU
		{FCC3F696-3B6F-4BF1-83B4-EA8CC11A363D}.Release|Any CPU.ActiveCfg = Release|Any CPU
		{FCC3F696-3B6F-4BF1-83B4-EA8CC11A363D}.Release|Any CPU.Build.0 = Release|Any CPU
		{403F1A05-D1D2-40EE-BA8A-86A0D8BBB9CF}.Debug|Any CPU.ActiveCfg = Debug|Any CPU
		{403F1A05-D1D2-40EE-BA8A-86A0D8BBB9CF}.Debug|Any CPU.Build.0 = Debug|Any CPU
		{403F1A05-D1D2-40EE-BA8A-86A0D8BBB9CF}.Release|Any CPU.ActiveCfg = Release|Any CPU
		{403F1A05-D1D2-40EE-BA8A-86A0D8BBB9CF}.Release|Any CPU.Build.0 = Release|Any CPU
		{1A2C9A14-1CD2-4224-8CCD-2DC0C26B4CD4}.Debug|Any CPU.ActiveCfg = Debug|Any CPU
		{1A2C9A14-1CD2-4224-8CCD-2DC0C26B4CD4}.Debug|Any CPU.Build.0 = Debug|Any CPU
		{1A2C9A14-1CD2-4224-8CCD-2DC0C26B4CD4}.Release|Any CPU.ActiveCfg = Release|Any CPU
		{1A2C9A14-1CD2-4224-8CCD-2DC0C26B4CD4}.Release|Any CPU.Build.0 = Release|Any CPU
		{37781CBF-25D3-48A6-977C-F0305CBAD63C}.Debug|Any CPU.ActiveCfg = Debug|Any CPU
		{37781CBF-25D3-48A6-977C-F0305CBAD63C}.Debug|Any CPU.Build.0 = Debug|Any CPU
		{37781CBF-25D3-48A6-977C-F0305CBAD63C}.Release|Any CPU.ActiveCfg = Release|Any CPU
		{37781CBF-25D3-48A6-977C-F0305CBAD63C}.Release|Any CPU.Build.0 = Release|Any CPU
		{AF08D220-7910-463A-8C99-9EF50624421A}.Debug|Any CPU.ActiveCfg = Debug|Any CPU
		{AF08D220-7910-463A-8C99-9EF50624421A}.Debug|Any CPU.Build.0 = Debug|Any CPU
		{AF08D220-7910-463A-8C99-9EF50624421A}.Release|Any CPU.ActiveCfg = Release|Any CPU
		{AF08D220-7910-463A-8C99-9EF50624421A}.Release|Any CPU.Build.0 = Release|Any CPU
		{796B111D-F9FA-40AF-987C-84668A1611D7}.Debug|Any CPU.ActiveCfg = Debug|Any CPU
		{796B111D-F9FA-40AF-987C-84668A1611D7}.Debug|Any CPU.Build.0 = Debug|Any CPU
		{796B111D-F9FA-40AF-987C-84668A1611D7}.Release|Any CPU.ActiveCfg = Release|Any CPU
		{796B111D-F9FA-40AF-987C-84668A1611D7}.Release|Any CPU.Build.0 = Release|Any CPU
		{4251D1FB-DB1A-4C6B-AFE5-18D7568FD7FA}.Debug|Any CPU.ActiveCfg = Debug|Any CPU
		{4251D1FB-DB1A-4C6B-AFE5-18D7568FD7FA}.Debug|Any CPU.Build.0 = Debug|Any CPU
		{4251D1FB-DB1A-4C6B-AFE5-18D7568FD7FA}.Release|Any CPU.ActiveCfg = Release|Any CPU
		{4251D1FB-DB1A-4C6B-AFE5-18D7568FD7FA}.Release|Any CPU.Build.0 = Release|Any CPU
		{5E171D83-5274-4234-B053-654CD1ED8D27}.Debug|Any CPU.ActiveCfg = Debug|Any CPU
		{5E171D83-5274-4234-B053-654CD1ED8D27}.Debug|Any CPU.Build.0 = Debug|Any CPU
		{5E171D83-5274-4234-B053-654CD1ED8D27}.Release|Any CPU.ActiveCfg = Release|Any CPU
		{5E171D83-5274-4234-B053-654CD1ED8D27}.Release|Any CPU.Build.0 = Release|Any CPU
		{8ECB0EDA-03EC-404B-9A42-48D3E24456FC}.Debug|Any CPU.ActiveCfg = Debug|Any CPU
		{8ECB0EDA-03EC-404B-9A42-48D3E24456FC}.Debug|Any CPU.Build.0 = Debug|Any CPU
		{8ECB0EDA-03EC-404B-9A42-48D3E24456FC}.Release|Any CPU.ActiveCfg = Release|Any CPU
		{8ECB0EDA-03EC-404B-9A42-48D3E24456FC}.Release|Any CPU.Build.0 = Release|Any CPU
		{9202E8C3-7EB4-4C06-B2E0-0728637EE4DB}.Debug|Any CPU.ActiveCfg = Debug|Any CPU
		{9202E8C3-7EB4-4C06-B2E0-0728637EE4DB}.Debug|Any CPU.Build.0 = Debug|Any CPU
		{9202E8C3-7EB4-4C06-B2E0-0728637EE4DB}.Release|Any CPU.ActiveCfg = Release|Any CPU
		{9202E8C3-7EB4-4C06-B2E0-0728637EE4DB}.Release|Any CPU.Build.0 = Release|Any CPU
		{E32F3C50-8056-45AB-90A5-56A9DDECD6AF}.Debug|Any CPU.ActiveCfg = Debug|Any CPU
		{E32F3C50-8056-45AB-90A5-56A9DDECD6AF}.Debug|Any CPU.Build.0 = Debug|Any CPU
		{E32F3C50-8056-45AB-90A5-56A9DDECD6AF}.Release|Any CPU.ActiveCfg = Release|Any CPU
		{E32F3C50-8056-45AB-90A5-56A9DDECD6AF}.Release|Any CPU.Build.0 = Release|Any CPU
		{6CFF0070-3572-4F9E-9FAF-09F1F8AE32E5}.Debug|Any CPU.ActiveCfg = Debug|Any CPU
		{6CFF0070-3572-4F9E-9FAF-09F1F8AE32E5}.Debug|Any CPU.Build.0 = Debug|Any CPU
		{6CFF0070-3572-4F9E-9FAF-09F1F8AE32E5}.Release|Any CPU.ActiveCfg = Release|Any CPU
		{6CFF0070-3572-4F9E-9FAF-09F1F8AE32E5}.Release|Any CPU.Build.0 = Release|Any CPU
		{E56137C3-3267-4561-8D94-37296BCCAE0B}.Debug|Any CPU.ActiveCfg = Debug|Any CPU
		{E56137C3-3267-4561-8D94-37296BCCAE0B}.Debug|Any CPU.Build.0 = Debug|Any CPU
		{E56137C3-3267-4561-8D94-37296BCCAE0B}.Release|Any CPU.ActiveCfg = Release|Any CPU
		{E56137C3-3267-4561-8D94-37296BCCAE0B}.Release|Any CPU.Build.0 = Release|Any CPU
		{18DA90DC-4383-446E-83D1-392D13D851F6}.Debug|Any CPU.ActiveCfg = Debug|Any CPU
		{18DA90DC-4383-446E-83D1-392D13D851F6}.Debug|Any CPU.Build.0 = Debug|Any CPU
		{18DA90DC-4383-446E-83D1-392D13D851F6}.Release|Any CPU.ActiveCfg = Release|Any CPU
		{18DA90DC-4383-446E-83D1-392D13D851F6}.Release|Any CPU.Build.0 = Release|Any CPU
		{7D6BD6F1-E48F-49E3-B7DF-8CF8DAC0C78E}.Debug|Any CPU.ActiveCfg = Debug|Any CPU
		{7D6BD6F1-E48F-49E3-B7DF-8CF8DAC0C78E}.Debug|Any CPU.Build.0 = Debug|Any CPU
		{7D6BD6F1-E48F-49E3-B7DF-8CF8DAC0C78E}.Release|Any CPU.ActiveCfg = Release|Any CPU
		{7D6BD6F1-E48F-49E3-B7DF-8CF8DAC0C78E}.Release|Any CPU.Build.0 = Release|Any CPU
		{C388C6A8-B996-4384-BD8F-6F0249095903}.Debug|Any CPU.ActiveCfg = Debug|Any CPU
		{C388C6A8-B996-4384-BD8F-6F0249095903}.Debug|Any CPU.Build.0 = Debug|Any CPU
		{C388C6A8-B996-4384-BD8F-6F0249095903}.Release|Any CPU.ActiveCfg = Release|Any CPU
		{C388C6A8-B996-4384-BD8F-6F0249095903}.Release|Any CPU.Build.0 = Release|Any CPU
		{22EB637E-28D2-46E5-8498-A09C7AB8C893}.Debug|Any CPU.ActiveCfg = Debug|Any CPU
		{22EB637E-28D2-46E5-8498-A09C7AB8C893}.Debug|Any CPU.Build.0 = Debug|Any CPU
		{22EB637E-28D2-46E5-8498-A09C7AB8C893}.Release|Any CPU.ActiveCfg = Release|Any CPU
		{22EB637E-28D2-46E5-8498-A09C7AB8C893}.Release|Any CPU.Build.0 = Release|Any CPU
		{92D73180-F3BB-47DD-9C54-6BF8BC281FFB}.Debug|Any CPU.ActiveCfg = Debug|Any CPU
		{92D73180-F3BB-47DD-9C54-6BF8BC281FFB}.Debug|Any CPU.Build.0 = Debug|Any CPU
		{92D73180-F3BB-47DD-9C54-6BF8BC281FFB}.Release|Any CPU.ActiveCfg = Release|Any CPU
		{92D73180-F3BB-47DD-9C54-6BF8BC281FFB}.Release|Any CPU.Build.0 = Release|Any CPU
		{9F218920-D915-4B74-B71E-C5F166F22CFB}.Debug|Any CPU.ActiveCfg = Debug|Any CPU
		{9F218920-D915-4B74-B71E-C5F166F22CFB}.Debug|Any CPU.Build.0 = Debug|Any CPU
		{9F218920-D915-4B74-B71E-C5F166F22CFB}.Release|Any CPU.ActiveCfg = Release|Any CPU
		{9F218920-D915-4B74-B71E-C5F166F22CFB}.Release|Any CPU.Build.0 = Release|Any CPU
		{E6DED43B-655A-4DC9-8BF3-098BE3DDF4FB}.Debug|Any CPU.ActiveCfg = Debug|Any CPU
		{E6DED43B-655A-4DC9-8BF3-098BE3DDF4FB}.Debug|Any CPU.Build.0 = Debug|Any CPU
		{E6DED43B-655A-4DC9-8BF3-098BE3DDF4FB}.Release|Any CPU.ActiveCfg = Release|Any CPU
		{E6DED43B-655A-4DC9-8BF3-098BE3DDF4FB}.Release|Any CPU.Build.0 = Release|Any CPU
		{1C98941B-4D19-452B-8131-C10B079FCF4E}.Debug|Any CPU.ActiveCfg = Debug|Any CPU
		{1C98941B-4D19-452B-8131-C10B079FCF4E}.Debug|Any CPU.Build.0 = Debug|Any CPU
		{1C98941B-4D19-452B-8131-C10B079FCF4E}.Release|Any CPU.ActiveCfg = Release|Any CPU
		{1C98941B-4D19-452B-8131-C10B079FCF4E}.Release|Any CPU.Build.0 = Release|Any CPU
		{B07F9B8D-9DFD-4AEB-BB0B-ADC3FF9C1990}.Debug|Any CPU.ActiveCfg = Debug|Any CPU
		{B07F9B8D-9DFD-4AEB-BB0B-ADC3FF9C1990}.Debug|Any CPU.Build.0 = Debug|Any CPU
		{B07F9B8D-9DFD-4AEB-BB0B-ADC3FF9C1990}.Release|Any CPU.ActiveCfg = Release|Any CPU
		{B07F9B8D-9DFD-4AEB-BB0B-ADC3FF9C1990}.Release|Any CPU.Build.0 = Release|Any CPU
		{67A321C8-5350-42B5-A537-83380932DB7A}.Debug|Any CPU.ActiveCfg = Debug|Any CPU
		{67A321C8-5350-42B5-A537-83380932DB7A}.Debug|Any CPU.Build.0 = Debug|Any CPU
		{67A321C8-5350-42B5-A537-83380932DB7A}.Release|Any CPU.ActiveCfg = Release|Any CPU
		{67A321C8-5350-42B5-A537-83380932DB7A}.Release|Any CPU.Build.0 = Release|Any CPU
		{20947EC8-1AF3-4912-A3C9-84D7BACEF248}.Debug|Any CPU.ActiveCfg = Debug|Any CPU
		{20947EC8-1AF3-4912-A3C9-84D7BACEF248}.Debug|Any CPU.Build.0 = Debug|Any CPU
		{20947EC8-1AF3-4912-A3C9-84D7BACEF248}.Release|Any CPU.ActiveCfg = Release|Any CPU
		{20947EC8-1AF3-4912-A3C9-84D7BACEF248}.Release|Any CPU.Build.0 = Release|Any CPU
		{5D1915F0-5453-4211-B29E-F2D31B86220A}.Debug|Any CPU.ActiveCfg = Debug|Any CPU
		{5D1915F0-5453-4211-B29E-F2D31B86220A}.Debug|Any CPU.Build.0 = Debug|Any CPU
		{5D1915F0-5453-4211-B29E-F2D31B86220A}.Release|Any CPU.ActiveCfg = Release|Any CPU
		{5D1915F0-5453-4211-B29E-F2D31B86220A}.Release|Any CPU.Build.0 = Release|Any CPU
	EndGlobalSection
	GlobalSection(SolutionProperties) = preSolution
		HideSolutionNode = FALSE
	EndGlobalSection
	GlobalSection(NestedProjects) = preSolution
		{CF311BF1-6AF4-4E1A-A905-BE6ED62A8109} = {332C5F28-F049-4B87-847C-06C9D8C4B6D3}
		{51702E55-DFC8-40BA-B891-BD8CF623C8AB} = {332C5F28-F049-4B87-847C-06C9D8C4B6D3}
		{F09BC049-41C4-40C0-BCAB-736F5B2806FA} = {332C5F28-F049-4B87-847C-06C9D8C4B6D3}
		{3E5FA4F0-E735-4D2E-AD75-F21D9EA80547} = {332C5F28-F049-4B87-847C-06C9D8C4B6D3}
		{42601002-3E0E-4668-9F9B-D33DA19DF706} = {332C5F28-F049-4B87-847C-06C9D8C4B6D3}
		{1AA87370-32C1-4A03-BBE9-EC1512C0168F} = {332C5F28-F049-4B87-847C-06C9D8C4B6D3}
		{FCC3F696-3B6F-4BF1-83B4-EA8CC11A363D} = {332C5F28-F049-4B87-847C-06C9D8C4B6D3}
		{403F1A05-D1D2-40EE-BA8A-86A0D8BBB9CF} = {332C5F28-F049-4B87-847C-06C9D8C4B6D3}
		{1A2C9A14-1CD2-4224-8CCD-2DC0C26B4CD4} = {4D7D0A20-DC75-4E17-B4C1-33982FFC1B2B}
		{37781CBF-25D3-48A6-977C-F0305CBAD63C} = {4D7D0A20-DC75-4E17-B4C1-33982FFC1B2B}
		{AF08D220-7910-463A-8C99-9EF50624421A} = {4D7D0A20-DC75-4E17-B4C1-33982FFC1B2B}
		{796B111D-F9FA-40AF-987C-84668A1611D7} = {4D7D0A20-DC75-4E17-B4C1-33982FFC1B2B}
		{4251D1FB-DB1A-4C6B-AFE5-18D7568FD7FA} = {88BE97D5-ADEA-455B-BB0B-DBE96C581240}
		{5E171D83-5274-4234-B053-654CD1ED8D27} = {88BE97D5-ADEA-455B-BB0B-DBE96C581240}
		{8ECB0EDA-03EC-404B-9A42-48D3E24456FC} = {88BE97D5-ADEA-455B-BB0B-DBE96C581240}
		{9202E8C3-7EB4-4C06-B2E0-0728637EE4DB} = {88BE97D5-ADEA-455B-BB0B-DBE96C581240}
		{E32F3C50-8056-45AB-90A5-56A9DDECD6AF} = {88BE97D5-ADEA-455B-BB0B-DBE96C581240}
		{6CFF0070-3572-4F9E-9FAF-09F1F8AE32E5} = {88BE97D5-ADEA-455B-BB0B-DBE96C581240}
		{E56137C3-3267-4561-8D94-37296BCCAE0B} = {332C5F28-F049-4B87-847C-06C9D8C4B6D3}
		{36D591C7-65C7-A0D1-1CBC-10CDE441BDC8} = {332C5F28-F049-4B87-847C-06C9D8C4B6D3}
		{18DA90DC-4383-446E-83D1-392D13D851F6} = {36D591C7-65C7-A0D1-1CBC-10CDE441BDC8}
		{7D6BD6F1-E48F-49E3-B7DF-8CF8DAC0C78E} = {36D591C7-65C7-A0D1-1CBC-10CDE441BDC8}
		{C388C6A8-B996-4384-BD8F-6F0249095903} = {36D591C7-65C7-A0D1-1CBC-10CDE441BDC8}
		{22EB637E-28D2-46E5-8498-A09C7AB8C893} = {36D591C7-65C7-A0D1-1CBC-10CDE441BDC8}
		{92D73180-F3BB-47DD-9C54-6BF8BC281FFB} = {36D591C7-65C7-A0D1-1CBC-10CDE441BDC8}
		{9F218920-D915-4B74-B71E-C5F166F22CFB} = {36D591C7-65C7-A0D1-1CBC-10CDE441BDC8}
		{2F2E5EBE-BC1C-47AF-8EB5-E7DE431DCFBF} = {332C5F28-F049-4B87-847C-06C9D8C4B6D3}
		{E6DED43B-655A-4DC9-8BF3-098BE3DDF4FB} = {2F2E5EBE-BC1C-47AF-8EB5-E7DE431DCFBF}
		{1C98941B-4D19-452B-8131-C10B079FCF4E} = {2F2E5EBE-BC1C-47AF-8EB5-E7DE431DCFBF}
		{B07F9B8D-9DFD-4AEB-BB0B-ADC3FF9C1990} = {2F2E5EBE-BC1C-47AF-8EB5-E7DE431DCFBF}
		{67A321C8-5350-42B5-A537-83380932DB7A} = {2F2E5EBE-BC1C-47AF-8EB5-E7DE431DCFBF}
		{20947EC8-1AF3-4912-A3C9-84D7BACEF248} = {2F2E5EBE-BC1C-47AF-8EB5-E7DE431DCFBF}
		{5D1915F0-5453-4211-B29E-F2D31B86220A} = {2F2E5EBE-BC1C-47AF-8EB5-E7DE431DCFBF}
	EndGlobalSection
	GlobalSection(ExtensibilityGlobals) = postSolution
		SolutionGuid = {6C5E6322-816F-4909-BD2C-BF9737BDD061}
	EndGlobalSection
EndGlobal
